// !$*UTF8*$!
{
	archiveVersion = 1;
	classes = {
	};
	objectVersion = 56;
	objects = {

/* Begin PBXBuildFile section */
		8314EB8F29198275001FEF62 /* Property_Wrappers_XCTMetricApp.swift in Sources */ = {isa = PBXBuildFile; fileRef = 8314EB8E29198275001FEF62 /* Property_Wrappers_XCTMetricApp.swift */; };
		8314EB9129198275001FEF62 /* ContentView.swift in Sources */ = {isa = PBXBuildFile; fileRef = 8314EB9029198275001FEF62 /* ContentView.swift */; };
		8314EB9329198276001FEF62 /* Assets.xcassets in Resources */ = {isa = PBXBuildFile; fileRef = 8314EB9229198276001FEF62 /* Assets.xcassets */; };
		8314EB9629198276001FEF62 /* Preview Assets.xcassets in Resources */ = {isa = PBXBuildFile; fileRef = 8314EB9529198276001FEF62 /* Preview Assets.xcassets */; };
		8314EBA029198276001FEF62 /* Property_Wrappers_XCTMetricTests.swift in Sources */ = {isa = PBXBuildFile; fileRef = 8314EB9F29198276001FEF62 /* Property_Wrappers_XCTMetricTests.swift */; };
		8314EBAA29198276001FEF62 /* Property_Wrappers_XCTMetricUITests.swift in Sources */ = {isa = PBXBuildFile; fileRef = 8314EBA929198276001FEF62 /* Property_Wrappers_XCTMetricUITests.swift */; };
		8314EBAC29198276001FEF62 /* Property_Wrappers_XCTMetricUITestsLaunchTests.swift in Sources */ = {isa = PBXBuildFile; fileRef = 8314EBAB29198276001FEF62 /* Property_Wrappers_XCTMetricUITestsLaunchTests.swift */; };
/* End PBXBuildFile section */

/* Begin PBXContainerItemProxy section */
		8314EB9C29198276001FEF62 /* PBXContainerItemProxy */ = {
			isa = PBXContainerItemProxy;
			containerPortal = 8314EB8329198275001FEF62 /* Project object */;
			proxyType = 1;
			remoteGlobalIDString = 8314EB8A29198275001FEF62;
			remoteInfo = "Property Wrappers XCTMetric";
		};
		8314EBA629198276001FEF62 /* PBXContainerItemProxy */ = {
			isa = PBXContainerItemProxy;
			containerPortal = 8314EB8329198275001FEF62 /* Project object */;
			proxyType = 1;
			remoteGlobalIDString = 8314EB8A29198275001FEF62;
			remoteInfo = "Property Wrappers XCTMetric";
		};
/* End PBXContainerItemProxy section */

/* Begin PBXFileReference section */
		8314EB8B29198275001FEF62 /* Property Wrappers XCTMetric.app */ = {isa = PBXFileReference; explicitFileType = wrapper.application; includeInIndex = 0; path = "Property Wrappers XCTMetric.app"; sourceTree = BUILT_PRODUCTS_DIR; };
		8314EB8E29198275001FEF62 /* Property_Wrappers_XCTMetricApp.swift */ = {isa = PBXFileReference; lastKnownFileType = sourcecode.swift; path = Property_Wrappers_XCTMetricApp.swift; sourceTree = "<group>"; };
		8314EB9029198275001FEF62 /* ContentView.swift */ = {isa = PBXFileReference; lastKnownFileType = sourcecode.swift; path = ContentView.swift; sourceTree = "<group>"; };
		8314EB9229198276001FEF62 /* Assets.xcassets */ = {isa = PBXFileReference; lastKnownFileType = folder.assetcatalog; path = Assets.xcassets; sourceTree = "<group>"; };
		8314EB9529198276001FEF62 /* Preview Assets.xcassets */ = {isa = PBXFileReference; lastKnownFileType = folder.assetcatalog; path = "Preview Assets.xcassets"; sourceTree = "<group>"; };
		8314EB9B29198276001FEF62 /* Property Wrappers XCTMetricTests.xctest */ = {isa = PBXFileReference; explicitFileType = wrapper.cfbundle; includeInIndex = 0; path = "Property Wrappers XCTMetricTests.xctest"; sourceTree = BUILT_PRODUCTS_DIR; };
		8314EB9F29198276001FEF62 /* Property_Wrappers_XCTMetricTests.swift */ = {isa = PBXFileReference; lastKnownFileType = sourcecode.swift; path = Property_Wrappers_XCTMetricTests.swift; sourceTree = "<group>"; };
		8314EBA529198276001FEF62 /* Property Wrappers XCTMetricUITests.xctest */ = {isa = PBXFileReference; explicitFileType = wrapper.cfbundle; includeInIndex = 0; path = "Property Wrappers XCTMetricUITests.xctest"; sourceTree = BUILT_PRODUCTS_DIR; };
		8314EBA929198276001FEF62 /* Property_Wrappers_XCTMetricUITests.swift */ = {isa = PBXFileReference; lastKnownFileType = sourcecode.swift; path = Property_Wrappers_XCTMetricUITests.swift; sourceTree = "<group>"; };
		8314EBAB29198276001FEF62 /* Property_Wrappers_XCTMetricUITestsLaunchTests.swift */ = {isa = PBXFileReference; lastKnownFileType = sourcecode.swift; path = Property_Wrappers_XCTMetricUITestsLaunchTests.swift; sourceTree = "<group>"; };
/* End PBXFileReference section */

/* Begin PBXFrameworksBuildPhase section */
		8314EB8829198275001FEF62 /* Frameworks */ = {
			isa = PBXFrameworksBuildPhase;
			buildActionMask = 2147483647;
			files = (
			);
			runOnlyForDeploymentPostprocessing = 0;
		};
		8314EB9829198276001FEF62 /* Frameworks */ = {
			isa = PBXFrameworksBuildPhase;
			buildActionMask = 2147483647;
			files = (
			);
			runOnlyForDeploymentPostprocessing = 0;
		};
		8314EBA229198276001FEF62 /* Frameworks */ = {
			isa = PBXFrameworksBuildPhase;
			buildActionMask = 2147483647;
			files = (
			);
			runOnlyForDeploymentPostprocessing = 0;
		};
/* End PBXFrameworksBuildPhase section */

/* Begin PBXGroup section */
		8314EB8229198274001FEF62 = {
			isa = PBXGroup;
			children = (
				8314EB8D29198275001FEF62 /* Property Wrappers XCTMetric */,
				8314EB9E29198276001FEF62 /* Property Wrappers XCTMetricTests */,
				8314EBA829198276001FEF62 /* Property Wrappers XCTMetricUITests */,
				8314EB8C29198275001FEF62 /* Products */,
			);
			sourceTree = "<group>";
		};
		8314EB8C29198275001FEF62 /* Products */ = {
			isa = PBXGroup;
			children = (
				8314EB8B29198275001FEF62 /* Property Wrappers XCTMetric.app */,
				8314EB9B29198276001FEF62 /* Property Wrappers XCTMetricTests.xctest */,
				8314EBA529198276001FEF62 /* Property Wrappers XCTMetricUITests.xctest */,
			);
			name = Products;
			sourceTree = "<group>";
		};
		8314EB8D29198275001FEF62 /* Property Wrappers XCTMetric */ = {
			isa = PBXGroup;
			children = (
				8314EB8E29198275001FEF62 /* Property_Wrappers_XCTMetricApp.swift */,
				8314EB9029198275001FEF62 /* ContentView.swift */,
				8314EB9229198276001FEF62 /* Assets.xcassets */,
				8314EB9429198276001FEF62 /* Preview Content */,
			);
			path = "Property Wrappers XCTMetric";
			sourceTree = "<group>";
		};
		8314EB9429198276001FEF62 /* Preview Content */ = {
			isa = PBXGroup;
			children = (
				8314EB9529198276001FEF62 /* Preview Assets.xcassets */,
			);
			path = "Preview Content";
			sourceTree = "<group>";
		};
		8314EB9E29198276001FEF62 /* Property Wrappers XCTMetricTests */ = {
			isa = PBXGroup;
			children = (
				8314EB9F29198276001FEF62 /* Property_Wrappers_XCTMetricTests.swift */,
			);
			path = "Property Wrappers XCTMetricTests";
			sourceTree = "<group>";
		};
		8314EBA829198276001FEF62 /* Property Wrappers XCTMetricUITests */ = {
			isa = PBXGroup;
			children = (
				8314EBA929198276001FEF62 /* Property_Wrappers_XCTMetricUITests.swift */,
				8314EBAB29198276001FEF62 /* Property_Wrappers_XCTMetricUITestsLaunchTests.swift */,
			);
			path = "Property Wrappers XCTMetricUITests";
			sourceTree = "<group>";
		};
/* End PBXGroup section */

/* Begin PBXNativeTarget section */
		8314EB8A29198275001FEF62 /* Property Wrappers XCTMetric */ = {
			isa = PBXNativeTarget;
			buildConfigurationList = 8314EBAF29198276001FEF62 /* Build configuration list for PBXNativeTarget "Property Wrappers XCTMetric" */;
			buildPhases = (
				8314EB8729198275001FEF62 /* Sources */,
				8314EB8829198275001FEF62 /* Frameworks */,
				8314EB8929198275001FEF62 /* Resources */,
			);
			buildRules = (
			);
			dependencies = (
			);
			name = "Property Wrappers XCTMetric";
			productName = "Property Wrappers XCTMetric";
			productReference = 8314EB8B29198275001FEF62 /* Property Wrappers XCTMetric.app */;
			productType = "com.apple.product-type.application";
		};
		8314EB9A29198276001FEF62 /* Property Wrappers XCTMetricTests */ = {
			isa = PBXNativeTarget;
			buildConfigurationList = 8314EBB229198276001FEF62 /* Build configuration list for PBXNativeTarget "Property Wrappers XCTMetricTests" */;
			buildPhases = (
				8314EB9729198276001FEF62 /* Sources */,
				8314EB9829198276001FEF62 /* Frameworks */,
				8314EB9929198276001FEF62 /* Resources */,
			);
			buildRules = (
			);
			dependencies = (
				8314EB9D29198276001FEF62 /* PBXTargetDependency */,
			);
			name = "Property Wrappers XCTMetricTests";
			productName = "Property Wrappers XCTMetricTests";
			productReference = 8314EB9B29198276001FEF62 /* Property Wrappers XCTMetricTests.xctest */;
			productType = "com.apple.product-type.bundle.unit-test";
		};
		8314EBA429198276001FEF62 /* Property Wrappers XCTMetricUITests */ = {
			isa = PBXNativeTarget;
			buildConfigurationList = 8314EBB529198276001FEF62 /* Build configuration list for PBXNativeTarget "Property Wrappers XCTMetricUITests" */;
			buildPhases = (
				8314EBA129198276001FEF62 /* Sources */,
				8314EBA229198276001FEF62 /* Frameworks */,
				8314EBA329198276001FEF62 /* Resources */,
			);
			buildRules = (
			);
			dependencies = (
				8314EBA729198276001FEF62 /* PBXTargetDependency */,
			);
			name = "Property Wrappers XCTMetricUITests";
			productName = "Property Wrappers XCTMetricUITests";
			productReference = 8314EBA529198276001FEF62 /* Property Wrappers XCTMetricUITests.xctest */;
			productType = "com.apple.product-type.bundle.ui-testing";
		};
/* End PBXNativeTarget section */

/* Begin PBXProject section */
		8314EB8329198275001FEF62 /* Project object */ = {
			isa = PBXProject;
			attributes = {
				BuildIndependentTargetsInParallel = 1;
				LastSwiftUpdateCheck = 1410;
				LastUpgradeCheck = 1410;
				TargetAttributes = {
					8314EB8A29198275001FEF62 = {
						CreatedOnToolsVersion = 14.1;
					};
					8314EB9A29198276001FEF62 = {
						CreatedOnToolsVersion = 14.1;
						TestTargetID = 8314EB8A29198275001FEF62;
					};
					8314EBA429198276001FEF62 = {
						CreatedOnToolsVersion = 14.1;
						TestTargetID = 8314EB8A29198275001FEF62;
					};
				};
			};
			buildConfigurationList = 8314EB8629198275001FEF62 /* Build configuration list for PBXProject "Property Wrappers XCTMetric" */;
			compatibilityVersion = "Xcode 14.0";
			developmentRegion = en;
			hasScannedForEncodings = 0;
			knownRegions = (
				en,
				Base,
			);
			mainGroup = 8314EB8229198274001FEF62;
			productRefGroup = 8314EB8C29198275001FEF62 /* Products */;
			projectDirPath = "";
			projectRoot = "";
			targets = (
				8314EB8A29198275001FEF62 /* Property Wrappers XCTMetric */,
				8314EB9A29198276001FEF62 /* Property Wrappers XCTMetricTests */,
				8314EBA429198276001FEF62 /* Property Wrappers XCTMetricUITests */,
			);
		};
/* End PBXProject section */

/* Begin PBXResourcesBuildPhase section */
		8314EB8929198275001FEF62 /* Resources */ = {
			isa = PBXResourcesBuildPhase;
			buildActionMask = 2147483647;
			files = (
				8314EB9629198276001FEF62 /* Preview Assets.xcassets in Resources */,
				8314EB9329198276001FEF62 /* Assets.xcassets in Resources */,
			);
			runOnlyForDeploymentPostprocessing = 0;
		};
		8314EB9929198276001FEF62 /* Resources */ = {
			isa = PBXResourcesBuildPhase;
			buildActionMask = 2147483647;
			files = (
			);
			runOnlyForDeploymentPostprocessing = 0;
		};
		8314EBA329198276001FEF62 /* Resources */ = {
			isa = PBXResourcesBuildPhase;
			buildActionMask = 2147483647;
			files = (
			);
			runOnlyForDeploymentPostprocessing = 0;
		};
/* End PBXResourcesBuildPhase section */

/* Begin PBXSourcesBuildPhase section */
		8314EB8729198275001FEF62 /* Sources */ = {
			isa = PBXSourcesBuildPhase;
			buildActionMask = 2147483647;
			files = (
				8314EB9129198275001FEF62 /* ContentView.swift in Sources */,
				8314EB8F29198275001FEF62 /* Property_Wrappers_XCTMetricApp.swift in Sources */,
			);
			runOnlyForDeploymentPostprocessing = 0;
		};
		8314EB9729198276001FEF62 /* Sources */ = {
			isa = PBXSourcesBuildPhase;
			buildActionMask = 2147483647;
			files = (
				8314EBA029198276001FEF62 /* Property_Wrappers_XCTMetricTests.swift in Sources */,
			);
			runOnlyForDeploymentPostprocessing = 0;
		};
		8314EBA129198276001FEF62 /* Sources */ = {
			isa = PBXSourcesBuildPhase;
			buildActionMask = 2147483647;
			files = (
				8314EBAA29198276001FEF62 /* Property_Wrappers_XCTMetricUITests.swift in Sources */,
				8314EBAC29198276001FEF62 /* Property_Wrappers_XCTMetricUITestsLaunchTests.swift in Sources */,
			);
			runOnlyForDeploymentPostprocessing = 0;
		};
/* End PBXSourcesBuildPhase section */

/* Begin PBXTargetDependency section */
		8314EB9D29198276001FEF62 /* PBXTargetDependency */ = {
			isa = PBXTargetDependency;
			target = 8314EB8A29198275001FEF62 /* Property Wrappers XCTMetric */;
			targetProxy = 8314EB9C29198276001FEF62 /* PBXContainerItemProxy */;
		};
		8314EBA729198276001FEF62 /* PBXTargetDependency */ = {
			isa = PBXTargetDependency;
			target = 8314EB8A29198275001FEF62 /* Property Wrappers XCTMetric */;
			targetProxy = 8314EBA629198276001FEF62 /* PBXContainerItemProxy */;
		};
/* End PBXTargetDependency section */

/* Begin XCBuildConfiguration section */
		8314EBAD29198276001FEF62 /* Debug */ = {
			isa = XCBuildConfiguration;
			buildSettings = {
				ALWAYS_SEARCH_USER_PATHS = NO;
				CLANG_ANALYZER_NONNULL = YES;
				CLANG_ANALYZER_NUMBER_OBJECT_CONVERSION = YES_AGGRESSIVE;
				CLANG_CXX_LANGUAGE_STANDARD = "gnu++20";
				CLANG_ENABLE_MODULES = YES;
				CLANG_ENABLE_OBJC_ARC = YES;
				CLANG_ENABLE_OBJC_WEAK = YES;
				CLANG_WARN_BLOCK_CAPTURE_AUTORELEASING = YES;
				CLANG_WARN_BOOL_CONVERSION = YES;
				CLANG_WARN_COMMA = YES;
				CLANG_WARN_CONSTANT_CONVERSION = YES;
				CLANG_WARN_DEPRECATED_OBJC_IMPLEMENTATIONS = YES;
				CLANG_WARN_DIRECT_OBJC_ISA_USAGE = YES_ERROR;
				CLANG_WARN_DOCUMENTATION_COMMENTS = YES;
				CLANG_WARN_EMPTY_BODY = YES;
				CLANG_WARN_ENUM_CONVERSION = YES;
				CLANG_WARN_INFINITE_RECURSION = YES;
				CLANG_WARN_INT_CONVERSION = YES;
				CLANG_WARN_NON_LITERAL_NULL_CONVERSION = YES;
				CLANG_WARN_OBJC_IMPLICIT_RETAIN_SELF = YES;
				CLANG_WARN_OBJC_LITERAL_CONVERSION = YES;
				CLANG_WARN_OBJC_ROOT_CLASS = YES_ERROR;
				CLANG_WARN_QUOTED_INCLUDE_IN_FRAMEWORK_HEADER = YES;
				CLANG_WARN_RANGE_LOOP_ANALYSIS = YES;
				CLANG_WARN_STRICT_PROTOTYPES = YES;
				CLANG_WARN_SUSPICIOUS_MOVE = YES;
				CLANG_WARN_UNGUARDED_AVAILABILITY = YES_AGGRESSIVE;
				CLANG_WARN_UNREACHABLE_CODE = YES;
				CLANG_WARN__DUPLICATE_METHOD_MATCH = YES;
				COPY_PHASE_STRIP = NO;
				DEBUG_INFORMATION_FORMAT = dwarf;
				ENABLE_STRICT_OBJC_MSGSEND = YES;
				ENABLE_TESTABILITY = YES;
				GCC_C_LANGUAGE_STANDARD = gnu11;
				GCC_DYNAMIC_NO_PIC = NO;
				GCC_NO_COMMON_BLOCKS = YES;
				GCC_OPTIMIZATION_LEVEL = 0;
				GCC_PREPROCESSOR_DEFINITIONS = (
					"DEBUG=1",
					"$(inherited)",
				);
				GCC_WARN_64_TO_32_BIT_CONVERSION = YES;
				GCC_WARN_ABOUT_RETURN_TYPE = YES_ERROR;
				GCC_WARN_UNDECLARED_SELECTOR = YES;
				GCC_WARN_UNINITIALIZED_AUTOS = YES_AGGRESSIVE;
				GCC_WARN_UNUSED_FUNCTION = YES;
				GCC_WARN_UNUSED_VARIABLE = YES;
				IPHONEOS_DEPLOYMENT_TARGET = 16.1;
				MTL_ENABLE_DEBUG_INFO = INCLUDE_SOURCE;
				MTL_FAST_MATH = YES;
				ONLY_ACTIVE_ARCH = YES;
				SDKROOT = iphoneos;
				SWIFT_ACTIVE_COMPILATION_CONDITIONS = DEBUG;
				SWIFT_OPTIMIZATION_LEVEL = "-Onone";
			};
			name = Debug;
		};
		8314EBAE29198276001FEF62 /* Release */ = {
			isa = XCBuildConfiguration;
			buildSettings = {
				ALWAYS_SEARCH_USER_PATHS = NO;
				CLANG_ANALYZER_NONNULL = YES;
				CLANG_ANALYZER_NUMBER_OBJECT_CONVERSION = YES_AGGRESSIVE;
				CLANG_CXX_LANGUAGE_STANDARD = "gnu++20";
				CLANG_ENABLE_MODULES = YES;
				CLANG_ENABLE_OBJC_ARC = YES;
				CLANG_ENABLE_OBJC_WEAK = YES;
				CLANG_WARN_BLOCK_CAPTURE_AUTORELEASING = YES;
				CLANG_WARN_BOOL_CONVERSION = YES;
				CLANG_WARN_COMMA = YES;
				CLANG_WARN_CONSTANT_CONVERSION = YES;
				CLANG_WARN_DEPRECATED_OBJC_IMPLEMENTATIONS = YES;
				CLANG_WARN_DIRECT_OBJC_ISA_USAGE = YES_ERROR;
				CLANG_WARN_DOCUMENTATION_COMMENTS = YES;
				CLANG_WARN_EMPTY_BODY = YES;
				CLANG_WARN_ENUM_CONVERSION = YES;
				CLANG_WARN_INFINITE_RECURSION = YES;
				CLANG_WARN_INT_CONVERSION = YES;
				CLANG_WARN_NON_LITERAL_NULL_CONVERSION = YES;
				CLANG_WARN_OBJC_IMPLICIT_RETAIN_SELF = YES;
				CLANG_WARN_OBJC_LITERAL_CONVERSION = YES;
				CLANG_WARN_OBJC_ROOT_CLASS = YES_ERROR;
				CLANG_WARN_QUOTED_INCLUDE_IN_FRAMEWORK_HEADER = YES;
				CLANG_WARN_RANGE_LOOP_ANALYSIS = YES;
				CLANG_WARN_STRICT_PROTOTYPES = YES;
				CLANG_WARN_SUSPICIOUS_MOVE = YES;
				CLANG_WARN_UNGUARDED_AVAILABILITY = YES_AGGRESSIVE;
				CLANG_WARN_UNREACHABLE_CODE = YES;
				CLANG_WARN__DUPLICATE_METHOD_MATCH = YES;
				COPY_PHASE_STRIP = NO;
				DEBUG_INFORMATION_FORMAT = "dwarf-with-dsym";
				ENABLE_NS_ASSERTIONS = NO;
				ENABLE_STRICT_OBJC_MSGSEND = YES;
				GCC_C_LANGUAGE_STANDARD = gnu11;
				GCC_NO_COMMON_BLOCKS = YES;
				GCC_WARN_64_TO_32_BIT_CONVERSION = YES;
				GCC_WARN_ABOUT_RETURN_TYPE = YES_ERROR;
				GCC_WARN_UNDECLARED_SELECTOR = YES;
				GCC_WARN_UNINITIALIZED_AUTOS = YES_AGGRESSIVE;
				GCC_WARN_UNUSED_FUNCTION = YES;
				GCC_WARN_UNUSED_VARIABLE = YES;
				IPHONEOS_DEPLOYMENT_TARGET = 16.1;
				MTL_ENABLE_DEBUG_INFO = NO;
				MTL_FAST_MATH = YES;
				SDKROOT = iphoneos;
				SWIFT_COMPILATION_MODE = wholemodule;
				SWIFT_OPTIMIZATION_LEVEL = "-O";
				VALIDATE_PRODUCT = YES;
			};
			name = Release;
		};
		8314EBB029198276001FEF62 /* Debug */ = {
			isa = XCBuildConfiguration;
			buildSettings = {
				ASSETCATALOG_COMPILER_APPICON_NAME = AppIcon;
				ASSETCATALOG_COMPILER_GLOBAL_ACCENT_COLOR_NAME = AccentColor;
				CODE_SIGN_STYLE = Automatic;
				CURRENT_PROJECT_VERSION = 1;
				DEVELOPMENT_ASSET_PATHS = "\"Property Wrappers XCTMetric/Preview Content\"";
				DEVELOPMENT_TEAM = C233LQUF2Z;
				ENABLE_PREVIEWS = YES;
				GENERATE_INFOPLIST_FILE = YES;
				INFOPLIST_KEY_UIApplicationSceneManifest_Generation = YES;
				INFOPLIST_KEY_UIApplicationSupportsIndirectInputEvents = YES;
				INFOPLIST_KEY_UILaunchScreen_Generation = YES;
				INFOPLIST_KEY_UISupportedInterfaceOrientations_iPad = "UIInterfaceOrientationPortrait UIInterfaceOrientationPortraitUpsideDown UIInterfaceOrientationLandscapeLeft UIInterfaceOrientationLandscapeRight";
				INFOPLIST_KEY_UISupportedInterfaceOrientations_iPhone = "UIInterfaceOrientationPortrait UIInterfaceOrientationLandscapeLeft UIInterfaceOrientationLandscapeRight";
				LD_RUNPATH_SEARCH_PATHS = (
					"$(inherited)",
					"@executable_path/Frameworks",
				);
				MARKETING_VERSION = 1.0;
				PRODUCT_BUNDLE_IDENTIFIER = "net.cocoa-cabana.Property-Wrappers-XCTMetric";
				PRODUCT_NAME = "$(TARGET_NAME)";
				SWIFT_EMIT_LOC_STRINGS = YES;
				SWIFT_VERSION = 5.0;
				TARGETED_DEVICE_FAMILY = "1,2";
			};
			name = Debug;
		};
		8314EBB129198276001FEF62 /* Release */ = {
			isa = XCBuildConfiguration;
			buildSettings = {
				ASSETCATALOG_COMPILER_APPICON_NAME = AppIcon;
				ASSETCATALOG_COMPILER_GLOBAL_ACCENT_COLOR_NAME = AccentColor;
				CODE_SIGN_STYLE = Automatic;
				CURRENT_PROJECT_VERSION = 1;
				DEVELOPMENT_ASSET_PATHS = "\"Property Wrappers XCTMetric/Preview Content\"";
				DEVELOPMENT_TEAM = C233LQUF2Z;
				ENABLE_PREVIEWS = YES;
				GENERATE_INFOPLIST_FILE = YES;
				INFOPLIST_KEY_UIApplicationSceneManifest_Generation = YES;
				INFOPLIST_KEY_UIApplicationSupportsIndirectInputEvents = YES;
				INFOPLIST_KEY_UILaunchScreen_Generation = YES;
				INFOPLIST_KEY_UISupportedInterfaceOrientations_iPad = "UIInterfaceOrientationPortrait UIInterfaceOrientationPortraitUpsideDown UIInterfaceOrientationLandscapeLeft UIInterfaceOrientationLandscapeRight";
				INFOPLIST_KEY_UISupportedInterfaceOrientations_iPhone = "UIInterfaceOrientationPortrait UIInterfaceOrientationLandscapeLeft UIInterfaceOrientationLandscapeRight";
				LD_RUNPATH_SEARCH_PATHS = (
					"$(inherited)",
					"@executable_path/Frameworks",
				);
				MARKETING_VERSION = 1.0;
				PRODUCT_BUNDLE_IDENTIFIER = "net.cocoa-cabana.Property-Wrappers-XCTMetric";
				PRODUCT_NAME = "$(TARGET_NAME)";
				SWIFT_EMIT_LOC_STRINGS = YES;
				SWIFT_VERSION = 5.0;
				TARGETED_DEVICE_FAMILY = "1,2";
			};
			name = Release;
		};
		8314EBB329198276001FEF62 /* Debug */ = {
			isa = XCBuildConfiguration;
			buildSettings = {
				ALWAYS_EMBED_SWIFT_STANDARD_LIBRARIES = YES;
				BUNDLE_LOADER = "$(TEST_HOST)";
				CODE_SIGN_STYLE = Automatic;
				CURRENT_PROJECT_VERSION = 1;
				DEVELOPMENT_TEAM = C233LQUF2Z;
				GENERATE_INFOPLIST_FILE = YES;
				IPHONEOS_DEPLOYMENT_TARGET = 16.1;
				MARKETING_VERSION = 1.0;
				PRODUCT_BUNDLE_IDENTIFIER = "net.cocoa-cabana.Property-Wrappers-XCTMetricTests";
				PRODUCT_NAME = "$(TARGET_NAME)";
				SWIFT_EMIT_LOC_STRINGS = NO;
				SWIFT_VERSION = 5.0;
				TARGETED_DEVICE_FAMILY = "1,2";
				TEST_HOST = "$(BUILT_PRODUCTS_DIR)/Property Wrappers XCTMetric.app/$(BUNDLE_EXECUTABLE_FOLDER_PATH)/Property Wrappers XCTMetric";
			};
			name = Debug;
		};
		8314EBB429198276001FEF62 /* Release */ = {
			isa = XCBuildConfiguration;
			buildSettings = {
				ALWAYS_EMBED_SWIFT_STANDARD_LIBRARIES = YES;
				BUNDLE_LOADER = "$(TEST_HOST)";
				CODE_SIGN_STYLE = Automatic;
				CURRENT_PROJECT_VERSION = 1;
				DEVELOPMENT_TEAM = C233LQUF2Z;
				GENERATE_INFOPLIST_FILE = YES;
				IPHONEOS_DEPLOYMENT_TARGET = 16.1;
				MARKETING_VERSION = 1.0;
				PRODUCT_BUNDLE_IDENTIFIER = "net.cocoa-cabana.Property-Wrappers-XCTMetricTests";
				PRODUCT_NAME = "$(TARGET_NAME)";
				SWIFT_EMIT_LOC_STRINGS = NO;
				SWIFT_VERSION = 5.0;
				TARGETED_DEVICE_FAMILY = "1,2";
				TEST_HOST = "$(BUILT_PRODUCTS_DIR)/Property Wrappers XCTMetric.app/$(BUNDLE_EXECUTABLE_FOLDER_PATH)/Property Wrappers XCTMetric";
			};
			name = Release;
		};
		8314EBB629198276001FEF62 /* Debug */ = {
			isa = XCBuildConfiguration;
			buildSettings = {
				ALWAYS_EMBED_SWIFT_STANDARD_LIBRARIES = YES;
				CODE_SIGN_STYLE = Automatic;
				CURRENT_PROJECT_VERSION = 1;
				DEVELOPMENT_TEAM = C233LQUF2Z;
				GENERATE_INFOPLIST_FILE = YES;
				MARKETING_VERSION = 1.0;
				PRODUCT_BUNDLE_IDENTIFIER = "net.cocoa-cabana.Property-Wrappers-XCTMetricUITests";
				PRODUCT_NAME = "$(TARGET_NAME)";
				SWIFT_EMIT_LOC_STRINGS = NO;
				SWIFT_VERSION = 5.0;
				TARGETED_DEVICE_FAMILY = "1,2";
				TEST_TARGET_NAME = "Property Wrappers XCTMetric";
			};
			name = Debug;
		};
		8314EBB729198276001FEF62 /* Release */ = {
			isa = XCBuildConfiguration;
			buildSettings = {
				ALWAYS_EMBED_SWIFT_STANDARD_LIBRARIES = YES;
				CODE_SIGN_STYLE = Automatic;
				CURRENT_PROJECT_VERSION = 1;
				DEVELOPMENT_TEAM = C233LQUF2Z;
				GENERATE_INFOPLIST_FILE = YES;
				MARKETING_VERSION = 1.0;
				PRODUCT_BUNDLE_IDENTIFIER = "net.cocoa-cabana.Property-Wrappers-XCTMetricUITests";
				PRODUCT_NAME = "$(TARGET_NAME)";
				SWIFT_EMIT_LOC_STRINGS = NO;
				SWIFT_VERSION = 5.0;
				TARGETED_DEVICE_FAMILY = "1,2";
				TEST_TARGET_NAME = "Property Wrappers XCTMetric";
			};
			name = Release;
		};
/* End XCBuildConfiguration section */

/* Begin XCConfigurationList section */
		8314EB8629198275001FEF62 /* Build configuration list for PBXProject "Property Wrappers XCTMetric" */ = {
			isa = XCConfigurationList;
			buildConfigurations = (
				8314EBAD29198276001FEF62 /* Debug */,
				8314EBAE29198276001FEF62 /* Release */,
			);
			defaultConfigurationIsVisible = 0;
			defaultConfigurationName = Release;
		};
		8314EBAF29198276001FEF62 /* Build configuration list for PBXNativeTarget "Property Wrappers XCTMetric" */ = {
			isa = XCConfigurationList;
			buildConfigurations = (
				8314EBB029198276001FEF62 /* Debug */,
				8314EBB129198276001FEF62 /* Release */,
			);
			defaultConfigurationIsVisible = 0;
			defaultConfigurationName = Release;
		};
		8314EBB229198276001FEF62 /* Build configuration list for PBXNativeTarget "Property Wrappers XCTMetricTests" */ = {
			isa = XCConfigurationList;
			buildConfigurations = (
				8314EBB329198276001FEF62 /* Debug */,
				8314EBB429198276001FEF62 /* Release */,
			);
			defaultConfigurationIsVisible = 0;
			defaultConfigurationName = Release;
		};
		8314EBB529198276001FEF62 /* Build configuration list for PBXNativeTarget "Property Wrappers XCTMetricUITests" */ = {
			isa = XCConfigurationList;
			buildConfigurations = (
				8314EBB629198276001FEF62 /* Debug */,
				8314EBB729198276001FEF62 /* Release */,
			);
			defaultConfigurationIsVisible = 0;
			defaultConfigurationName = Release;
		};
/* End XCConfigurationList section */
	};
	rootObject = 8314EB8329198275001FEF62 /* Project object */;
}
